
Microsoft Visual Studio Solution File, Format Version 12.00
# Visual Studio 2015
Project("{FAE04EC0-301F-11D3-BF4B-00C04F79EFBC}") = "mintroom.CSharp.Plugins", "mintroom.CSharp.Plugins.csproj", "{EFFBCD2F-4C2E-8C52-81AD-D86C7F9CEDE5}"
EndProject
Project("{FAE04EC0-301F-11D3-BF4B-00C04F79EFBC}") = "mintroom.CSharp", "mintroom.CSharp.csproj", "{3065049C-0751-6A84-0CC5-5B0FDA3B6E19}"
EndProject
Project("{FAE04EC0-301F-11D3-BF4B-00C04F79EFBC}") = "mintroom.CSharp.Editor.Plugins", "mintroom.CSharp.Editor.Plugins.csproj", "{327E8A09-10B5-4687-4228-81BF283C9A02}"
EndProject
Global
	GlobalSection(SolutionConfigurationPlatforms) = preSolution
		Debug|Any CPU = Debug|Any CPU
		Release|Any CPU = Release|Any CPU
	EndGlobalSection
	GlobalSection(ProjectConfigurationPlatforms) = postSolution
		{EFFBCD2F-4C2E-8C52-81AD-D86C7F9CEDE5}.Debug|Any CPU.ActiveCfg = Debug|Any CPU
		{EFFBCD2F-4C2E-8C52-81AD-D86C7F9CEDE5}.Debug|Any CPU.Build.0 = Debug|Any CPU
		{EFFBCD2F-4C2E-8C52-81AD-D86C7F9CEDE5}.Release|Any CPU.ActiveCfg = Release|Any CPU
		{EFFBCD2F-4C2E-8C52-81AD-D86C7F9CEDE5}.Release|Any CPU.Build.0 = Release|Any CPU
		{3065049C-0751-6A84-0CC5-5B0FDA3B6E19}.Debug|Any CPU.ActiveCfg = Debug|Any CPU
		{3065049C-0751-6A84-0CC5-5B0FDA3B6E19}.Debug|Any CPU.Build.0 = Debug|Any CPU
		{3065049C-0751-6A84-0CC5-5B0FDA3B6E19}.Release|Any CPU.ActiveCfg = Release|Any CPU
		{3065049C-0751-6A84-0CC5-5B0FDA3B6E19}.Release|Any CPU.Build.0 = Release|Any CPU
		{327E8A09-10B5-4687-4228-81BF283C9A02}.Debug|Any CPU.ActiveCfg = Debug|Any CPU
		{327E8A09-10B5-4687-4228-81BF283C9A02}.Debug|Any CPU.Build.0 = Debug|Any CPU
		{327E8A09-10B5-4687-4228-81BF283C9A02}.Release|Any CPU.ActiveCfg = Release|Any CPU
		{327E8A09-10B5-4687-4228-81BF283C9A02}.Release|Any CPU.Build.0 = Release|Any CPU
	EndGlobalSection
	GlobalSection(SolutionProperties) = preSolution
		HideSolutionNode = FALSE
	EndGlobalSection
EndGlobal
